
Microsoft Visual Studio Solution File, Format Version 12.00
# Visual Studio Version 16
VisualStudioVersion = 16.0.30907.101
MinimumVisualStudioVersion = 10.0.40219.1
Project("{FAE04EC0-301F-11D3-BF4B-00C04F79EFBC}") = "ThreeDeePrintingHub", "ThreeDeePrintingHub\ThreeDeePrintingHub.csproj", "{B6411970-C9D4-41D7-AC05-6748F82CB1BD}"
EndProject
Global
	GlobalSection(SolutionConfigurationPlatforms) = preSolution
		Debug|Any CPU = Debug|Any CPU
		Release|Any CPU = Release|Any CPU
	EndGlobalSection
	GlobalSection(ProjectConfigurationPlatforms) = postSolution
		{B6411970-C9D4-41D7-AC05-6748F82CB1BD}.Debug|Any CPU.ActiveCfg = Debug|Any CPU
		{B6411970-C9D4-41D7-AC05-6748F82CB1BD}.Debug|Any CPU.Build.0 = Debug|Any CPU
		{B6411970-C9D4-41D7-AC05-6748F82CB1BD}.Release|Any CPU.ActiveCfg = Release|Any CPU
		{B6411970-C9D4-41D7-AC05-6748F82CB1BD}.Release|Any CPU.Build.0 = Release|Any CPU
	EndGlobalSection
	GlobalSection(SolutionProperties) = preSolution
		HideSolutionNode = FALSE
	EndGlobalSection
	GlobalSection(ExtensibilityGlobals) = postSolution
		SolutionGuid = {A49A066C-123F-463E-85C7-5674ABA7C3B2}
	EndGlobalSection
EndGlobal
